
Microsoft Visual Studio Solution File, Format Version 12.00
# Visual Studio 2013
VisualStudioVersion = 12.0.21005.1
MinimumVisualStudioVersion = 10.0.40219.1
Project("{FAE04EC0-301F-11D3-BF4B-00C04F79EFBC}") = "CertificateProMis", "CertificateProMis\CertificateProMis.csproj", "{AB393AAD-DA4B-4AB0-BB00-D4F4843BA0A2}"
EndProject
Project("{FAE04EC0-301F-11D3-BF4B-00C04F79EFBC}") = "DBCL", "DBCL\DBCL.csproj", "{4DFCE838-407A-48D4-928C-B311B9E7883F}"
EndProject
Global
	GlobalSection(SolutionConfigurationPlatforms) = preSolution
		Debug|Any CPU = Debug|Any CPU
		Release|Any CPU = Release|Any CPU
	EndGlobalSection
	GlobalSection(ProjectConfigurationPlatforms) = postSolution
		{AB393AAD-DA4B-4AB0-BB00-D4F4843BA0A2}.Debug|Any CPU.ActiveCfg = Debug|Any CPU
		{AB393AAD-DA4B-4AB0-BB00-D4F4843BA0A2}.Debug|Any CPU.Build.0 = Debug|Any CPU
		{AB393AAD-DA4B-4AB0-BB00-D4F4843BA0A2}.Release|Any CPU.ActiveCfg = Release|Any CPU
		{AB393AAD-DA4B-4AB0-BB00-D4F4843BA0A2}.Release|Any CPU.Build.0 = Release|Any CPU
		{4DFCE838-407A-48D4-928C-B311B9E7883F}.Debug|Any CPU.ActiveCfg = Debug|Any CPU
		{4DFCE838-407A-48D4-928C-B311B9E7883F}.Debug|Any CPU.Build.0 = Debug|Any CPU
		{4DFCE838-407A-48D4-928C-B311B9E7883F}.Release|Any CPU.ActiveCfg = Release|Any CPU
		{4DFCE838-407A-48D4-928C-B311B9E7883F}.Release|Any CPU.Build.0 = Release|Any CPU
	EndGlobalSection
	GlobalSection(SolutionProperties) = preSolution
		HideSolutionNode = FALSE
	EndGlobalSection
EndGlobal
